<?xml version="1.0" encoding="utf-8"?>
<Project ToolsVersion="4.0" xmlns="http://schemas.microsoft.com/developer/msbuild/2003">
  <ItemGroup>
    <ClCompile Include="cpu.cpp" />
    <ClCompile Include="error.cpp" />
    <ClCompile Include="lexer.cpp" />
  </ItemGroup>
  <ItemGroup>
    <ClInclude Include="cpu.hpp" />
    <ClInclude Include="error.hpp" />
    <ClInclude Include="lexer.hpp" />
    <ClInclude Include="token.hpp" />
  </ItemGroup>
</Project>